
Microsoft Visual Studio Solution File, Format Version 12.00
# Visual Studio 2017
Project("{FAE04EC0-301F-11D3-BF4B-00C04F79EFBC}") = "V-ARA", "V-ARA.csproj", "{01C9ED4E-87B8-E006-5F69-520056C5AEB7}"
EndProject
Global
	GlobalSection(SolutionConfigurationPlatforms) = preSolution
		Debug|Any CPU = Debug|Any CPU
		Release|Any CPU = Release|Any CPU
	EndGlobalSection
	GlobalSection(ProjectConfigurationPlatforms) = postSolution
		{01C9ED4E-87B8-E006-5F69-520056C5AEB7}.Debug|Any CPU.ActiveCfg = Debug|Any CPU
		{01C9ED4E-87B8-E006-5F69-520056C5AEB7}.Debug|Any CPU.Build.0 = Debug|Any CPU
		{01C9ED4E-87B8-E006-5F69-520056C5AEB7}.Release|Any CPU.ActiveCfg = Release|Any CPU
		{01C9ED4E-87B8-E006-5F69-520056C5AEB7}.Release|Any CPU.Build.0 = Release|Any CPU
	EndGlobalSection
	GlobalSection(SolutionProperties) = preSolution
		HideSolutionNode = FALSE
	EndGlobalSection
EndGlobal
